
Microsoft Visual Studio Solution File, Format Version 12.00
# Visual Studio Version 16
VisualStudioVersion = 16.0.30523.141
MinimumVisualStudioVersion = 10.0.40219.1
Project("{8BC9CEB8-8B4A-11D0-8D11-00A0C91BC942}") = "Penalty1_1", "Penalty1_1.vcxproj", "{477BFC7F-3005-42EF-B0A5-F88CC7E783AA}"
EndProject
Global
	GlobalSection(SolutionConfigurationPlatforms) = preSolution
		Debug|x64 = Debug|x64
		Debug|x86 = Debug|x86
		Release|x64 = Release|x64
		Release|x86 = Release|x86
	EndGlobalSection
	GlobalSection(ProjectConfigurationPlatforms) = postSolution
		{477BFC7F-3005-42EF-B0A5-F88CC7E783AA}.Debug|x64.ActiveCfg = Debug|x64
		{477BFC7F-3005-42EF-B0A5-F88CC7E783AA}.Debug|x64.Build.0 = Debug|x64
		{477BFC7F-3005-42EF-B0A5-F88CC7E783AA}.Debug|x86.ActiveCfg = Debug|Win32
		{477BFC7F-3005-42EF-B0A5-F88CC7E783AA}.Debug|x86.Build.0 = Debug|Win32
		{477BFC7F-3005-42EF-B0A5-F88CC7E783AA}.Release|x64.ActiveCfg = Release|x64
		{477BFC7F-3005-42EF-B0A5-F88CC7E783AA}.Release|x64.Build.0 = Release|x64
		{477BFC7F-3005-42EF-B0A5-F88CC7E783AA}.Release|x86.ActiveCfg = Release|Win32
		{477BFC7F-3005-42EF-B0A5-F88CC7E783AA}.Release|x86.Build.0 = Release|Win32
	EndGlobalSection
	GlobalSection(SolutionProperties) = preSolution
		HideSolutionNode = FALSE
	EndGlobalSection
	GlobalSection(ExtensibilityGlobals) = postSolution
		SolutionGuid = {378B85CD-1732-476B-A2D5-15CF38AC7263}
	EndGlobalSection
EndGlobal
